{
  "name": "full-stack-local-example",
  "version": "0.1.0",
  "lockfileVersion": 3,
  "requires": true,
  "packages": {
    "": {
      "name": "full-stack-local-example",
      "version": "0.1.0",
      "dependencies": {
        "ai-chat-toolkit-server": "^1.1.0",
        "ai-chat-toolkit-widget": "^1.0.0",
        "cors": "^2.8.5",
        "dotenv": "^16.4.7",
        "express": "^5.1.0",
        "react": "^19.1.0",
        "react-dom": "^19.1.0"
      },
      "devDependencies": {
        "@types/express": "^5.0.0",
        "@types/node": "^22.15.0",
        "@types/react": "^19.1.2",
        "@types/react-dom": "^19.1.2",
        "@vitejs/plugin-react": "^4.4.1",
        "concurrently": "^9.1.2",
        "tsx": "^4.19.4",
        "typescript": "^5.8.3",
        "vite": "^6.3.5"
      }
    },
    "../../node_modules/.pnpm/@types+express@5.0.6/node_modules/@types/express": {
      "version": "5.0.6",
      "dev": true,
      "license": "MIT",
      "dependencies": {
        "@types/body-parser": "*",
        "@types/express-serve-static-core": "^5.0.0",
        "@types/serve-static": "^2"
      }
    },
    "../../node_modules/.pnpm/@types+node@22.19.19/node_modules/@types/node": {
      "version": "22.19.19",
      "dev": true,
      "license": "MIT",
      "dependencies": {
        "undici-types": "~6.21.0"
      }
    },
    "../../node_modules/.pnpm/@types+react-dom@19.2.3_@types+react@19.2.15/node_modules/@types/react-dom": {
      "version": "19.2.3",
      "dev": true,
      "license": "MIT",
      "peerDependencies": {
        "@types/react": "^19.2.0"
      }
    },
    "../../node_modules/.pnpm/@types+react@19.2.15/node_modules/@types/react": {
      "version": "19.2.15",
      "dev": true,
      "license": "MIT",
      "dependencies": {
        "csstype": "^3.2.2"
      }
    },
    "../../node_modules/.pnpm/@vitejs+plugin-react@4.7.0_vite@6.4.2_@types+node@22.19.19_tsx@4.22.3_/node_modules/@vitejs/plugin-react": {
      "version": "4.7.0",
      "dev": true,
      "license": "MIT",
      "dependencies": {
        "@babel/core": "^7.28.0",
        "@babel/plugin-transform-react-jsx-self": "^7.27.1",
        "@babel/plugin-transform-react-jsx-source": "^7.27.1",
        "@rolldown/pluginutils": "1.0.0-beta.27",
        "@types/babel__core": "^7.20.5",
        "react-refresh": "^0.17.0"
      },
      "devDependencies": {
        "@vitejs/react-common": "workspace:*",
        "babel-plugin-react-compiler": "19.1.0-rc.2",
        "react": "^19.1.0",
        "react-dom": "^19.1.0",
        "rolldown": "1.0.0-beta.27",
        "tsdown": "^0.12.9",
        "vitest": "^3.2.4"
      },
      "engines": {
        "node": "^14.18.0 || >=16.0.0"
      },
      "peerDependencies": {
        "vite": "^4.2.0 || ^5.0.0 || ^6.0.0 || ^7.0.0"
      }
    },
    "../../node_modules/.pnpm/concurrently@9.2.1/node_modules/concurrently": {
      "version": "9.2.1",
      "dev": true,
      "license": "MIT",
      "dependencies": {
        "chalk": "4.1.2",
        "rxjs": "7.8.2",
        "shell-quote": "1.8.3",
        "supports-color": "8.1.1",
        "tree-kill": "1.2.2",
        "yargs": "17.7.2"
      },
      "bin": {
        "conc": "dist/bin/concurrently.js",
        "concurrently": "dist/bin/concurrently.js"
      },
      "devDependencies": {
        "@eslint/js": "^9.33.0",
        "@hirez_io/observer-spy": "^2.2.0",
        "@types/node": "^18.19.123",
        "@types/shell-quote": "^1.7.5",
        "@types/supports-color": "^8.1.3",
        "@types/yargs": "^17.0.33",
        "@vitest/coverage-v8": "^3.2.4",
        "@vitest/eslint-plugin": "^1.3.4",
        "coveralls-next": "^5.0.0",
        "ctrlc-wrapper": "^0.0.5",
        "esbuild": "~0.25.9",
        "eslint": "^9.33.0",
        "eslint-config-flat-gitignore": "^2.1.0",
        "eslint-config-prettier": "^10.1.8",
        "eslint-plugin-import-lite": "^0.3.0",
        "eslint-plugin-prettier": "^5.5.4",
        "eslint-plugin-simple-import-sort": "^12.1.1",
        "globals": "16.3.0",
        "husky": "^9.1.7",
        "lint-staged": "^15.5.2",
        "prettier": "^3.6.2",
        "safe-publish-latest": "^2.0.0",
        "string-argv": "^0.3.2",
        "typescript": "~5.9.2",
        "typescript-eslint": "^8.40.0",
        "vitest": "^3.2.4"
      },
      "engines": {
        "node": ">=18"
      },
      "funding": {
        "url": "https://github.com/open-cli-tools/concurrently?sponsor=1"
      }
    },
    "../../node_modules/.pnpm/cors@2.8.6/node_modules/cors": {
      "version": "2.8.6",
      "license": "MIT",
      "dependencies": {
        "object-assign": "^4",
        "vary": "^1"
      },
      "devDependencies": {
        "after": "0.8.2",
        "eslint": "7.30.0",
        "express": "4.21.2",
        "mocha": "9.2.2",
        "nyc": "15.1.0",
        "supertest": "6.1.3"
      },
      "engines": {
        "node": ">= 0.10"
      },
      "funding": {
        "type": "opencollective",
        "url": "https://opencollective.com/express"
      }
    },
    "../../node_modules/.pnpm/dotenv@16.6.1/node_modules/dotenv": {
      "version": "16.6.1",
      "license": "BSD-2-Clause",
      "devDependencies": {
        "@types/node": "^18.11.3",
        "decache": "^4.6.2",
        "sinon": "^14.0.1",
        "standard": "^17.0.0",
        "standard-version": "^9.5.0",
        "tap": "^19.2.0",
        "typescript": "^4.8.4"
      },
      "engines": {
        "node": ">=12"
      },
      "funding": {
        "url": "https://dotenvx.com"
      }
    },
    "../../node_modules/.pnpm/express@5.2.1/node_modules/express": {
      "version": "5.2.1",
      "license": "MIT",
      "dependencies": {
        "accepts": "^2.0.0",
        "body-parser": "^2.2.1",
        "content-disposition": "^1.0.0",
        "content-type": "^1.0.5",
        "cookie": "^0.7.1",
        "cookie-signature": "^1.2.1",
        "debug": "^4.4.0",
        "depd": "^2.0.0",
        "encodeurl": "^2.0.0",
        "escape-html": "^1.0.3",
        "etag": "^1.8.1",
        "finalhandler": "^2.1.0",
        "fresh": "^2.0.0",
        "http-errors": "^2.0.0",
        "merge-descriptors": "^2.0.0",
        "mime-types": "^3.0.0",
        "on-finished": "^2.4.1",
        "once": "^1.4.0",
        "parseurl": "^1.3.3",
        "proxy-addr": "^2.0.7",
        "qs": "^6.14.0",
        "range-parser": "^1.2.1",
        "router": "^2.2.0",
        "send": "^1.1.0",
        "serve-static": "^2.2.0",
        "statuses": "^2.0.1",
        "type-is": "^2.0.1",
        "vary": "^1.1.2"
      },
      "devDependencies": {
        "after": "0.8.2",
        "connect-redis": "^8.0.1",
        "cookie-parser": "1.4.7",
        "cookie-session": "2.1.1",
        "ejs": "^3.1.10",
        "eslint": "8.47.0",
        "express-session": "^1.18.1",
        "hbs": "4.2.0",
        "marked": "^15.0.3",
        "method-override": "3.0.0",
        "mocha": "^10.7.3",
        "morgan": "1.10.1",
        "nyc": "^17.1.0",
        "pbkdf2-password": "1.2.1",
        "supertest": "^6.3.0",
        "vhost": "~3.0.2"
      },
      "engines": {
        "node": ">= 18"
      },
      "funding": {
        "type": "opencollective",
        "url": "https://opencollective.com/express"
      }
    },
    "../../node_modules/.pnpm/react-dom@19.2.6_react@19.2.6/node_modules/react-dom": {
      "version": "19.2.6",
      "license": "MIT",
      "dependencies": {
        "scheduler": "^0.27.0"
      },
      "peerDependencies": {
        "react": "^19.2.6"
      }
    },
    "../../node_modules/.pnpm/react@19.2.6/node_modules/react": {
      "version": "19.2.6",
      "license": "MIT",
      "engines": {
        "node": ">=0.10.0"
      }
    },
    "../../node_modules/.pnpm/tsx@4.22.3/node_modules/tsx": {
      "version": "4.22.3",
      "dev": true,
      "license": "MIT",
      "dependencies": {
        "esbuild": "~0.28.0"
      },
      "bin": {
        "tsx": "dist/cli.mjs"
      },
      "engines": {
        "node": ">=18.0.0"
      },
      "optionalDependencies": {
        "fsevents": "~2.3.3"
      }
    },
    "../../node_modules/.pnpm/typescript@5.9.3/node_modules/typescript": {
      "version": "5.9.3",
      "dev": true,
      "license": "Apache-2.0",
      "bin": {
        "tsc": "bin/tsc",
        "tsserver": "bin/tsserver"
      },
      "devDependencies": {
        "@dprint/formatter": "^0.4.1",
        "@dprint/typescript": "0.93.4",
        "@esfx/canceltoken": "^1.0.0",
        "@eslint/js": "^9.20.0",
        "@octokit/rest": "^21.1.1",
        "@types/chai": "^4.3.20",
        "@types/diff": "^7.0.1",
        "@types/minimist": "^1.2.5",
        "@types/mocha": "^10.0.10",
        "@types/ms": "^0.7.34",
        "@types/node": "latest",
        "@types/source-map-support": "^0.5.10",
        "@types/which": "^3.0.4",
        "@typescript-eslint/rule-tester": "^8.24.1",
        "@typescript-eslint/type-utils": "^8.24.1",
        "@typescript-eslint/utils": "^8.24.1",
        "azure-devops-node-api": "^14.1.0",
        "c8": "^10.1.3",
        "chai": "^4.5.0",
        "chokidar": "^4.0.3",
        "diff": "^7.0.0",
        "dprint": "^0.49.0",
        "esbuild": "^0.25.0",
        "eslint": "^9.20.1",
        "eslint-formatter-autolinkable-stylish": "^1.4.0",
        "eslint-plugin-regexp": "^2.7.0",
        "fast-xml-parser": "^4.5.2",
        "glob": "^10.4.5",
        "globals": "^15.15.0",
        "hereby": "^1.10.0",
        "jsonc-parser": "^3.3.1",
        "knip": "^5.44.4",
        "minimist": "^1.2.8",
        "mocha": "^10.8.2",
        "mocha-fivemat-progress-reporter": "^0.1.0",
        "monocart-coverage-reports": "^2.12.1",
        "ms": "^2.1.3",
        "picocolors": "^1.1.1",
        "playwright": "^1.50.1",
        "source-map-support": "^0.5.21",
        "tslib": "^2.8.1",
        "typescript": "^5.7.3",
        "typescript-eslint": "^8.24.1",
        "which": "^3.0.1"
      },
      "engines": {
        "node": ">=14.17"
      }
    },
    "../../node_modules/.pnpm/vite@6.4.2_@types+node@22.19.19_tsx@4.22.3/node_modules/vite": {
      "version": "6.4.2",
      "dev": true,
      "license": "MIT",
      "dependencies": {
        "esbuild": "^0.25.0",
        "fdir": "^6.4.4",
        "picomatch": "^4.0.2",
        "postcss": "^8.5.3",
        "rollup": "^4.34.9",
        "tinyglobby": "^0.2.13"
      },
      "bin": {
        "vite": "bin/vite.js"
      },
      "devDependencies": {
        "@ampproject/remapping": "^2.3.0",
        "@babel/parser": "^7.27.0",
        "@jridgewell/trace-mapping": "^0.3.25",
        "@polka/compression": "^1.0.0-next.25",
        "@rollup/plugin-alias": "^5.1.1",
        "@rollup/plugin-commonjs": "^28.0.3",
        "@rollup/plugin-dynamic-import-vars": "2.1.4",
        "@rollup/plugin-json": "^6.1.0",
        "@rollup/plugin-node-resolve": "16.0.1",
        "@rollup/pluginutils": "^5.1.4",
        "@types/escape-html": "^1.0.4",
        "@types/pnpapi": "^0.0.5",
        "artichokie": "^0.3.1",
        "cac": "^6.7.14",
        "chokidar": "^3.6.0",
        "connect": "^3.7.0",
        "convert-source-map": "^2.0.0",
        "cors": "^2.8.5",
        "cross-spawn": "^7.0.6",
        "debug": "^4.4.0",
        "dep-types": "link:./src/types",
        "dotenv": "^16.5.0",
        "dotenv-expand": "^12.0.2",
        "es-module-lexer": "^1.6.0",
        "escape-html": "^1.0.3",
        "estree-walker": "^3.0.3",
        "etag": "^1.8.1",
        "http-proxy": "^1.18.1",
        "launch-editor-middleware": "^2.10.0",
        "lightningcss": "^1.29.3",
        "magic-string": "^0.30.17",
        "mlly": "^1.7.4",
        "mrmime": "^2.0.1",
        "nanoid": "^5.1.5",
        "open": "^10.1.1",
        "parse5": "^7.2.1",
        "pathe": "^2.0.3",
        "periscopic": "^4.0.2",
        "picocolors": "^1.1.1",
        "postcss-import": "^16.1.0",
        "postcss-load-config": "^6.0.1",
        "postcss-modules": "^6.0.1",
        "resolve.exports": "^2.0.3",
        "rollup-plugin-dts": "^6.2.1",
        "rollup-plugin-esbuild": "^6.2.1",
        "rollup-plugin-license": "^3.6.0",
        "sass": "^1.86.3",
        "sass-embedded": "^1.86.3",
        "sirv": "^3.0.2",
        "source-map-support": "^0.5.21",
        "strip-literal": "^3.0.0",
        "terser": "^5.39.0",
        "tsconfck": "^3.1.5",
        "tslib": "^2.8.1",
        "types": "link:./types",
        "ufo": "^1.6.1",
        "ws": "^8.18.1"
      },
      "engines": {
        "node": "^18.0.0 || ^20.0.0 || >=22.0.0"
      },
      "funding": {
        "url": "https://github.com/vitejs/vite?sponsor=1"
      },
      "optionalDependencies": {
        "fsevents": "~2.3.3"
      },
      "peerDependencies": {
        "@types/node": "^18.0.0 || ^20.0.0 || >=22.0.0",
        "jiti": ">=1.21.0",
        "less": "*",
        "lightningcss": "^1.21.0",
        "sass": "*",
        "sass-embedded": "*",
        "stylus": "*",
        "sugarss": "*",
        "terser": "^5.16.0",
        "tsx": "^4.8.1",
        "yaml": "^2.4.2"
      },
      "peerDependenciesMeta": {
        "@types/node": {
          "optional": true
        },
        "jiti": {
          "optional": true
        },
        "less": {
          "optional": true
        },
        "lightningcss": {
          "optional": true
        },
        "sass": {
          "optional": true
        },
        "sass-embedded": {
          "optional": true
        },
        "stylus": {
          "optional": true
        },
        "sugarss": {
          "optional": true
        },
        "terser": {
          "optional": true
        },
        "tsx": {
          "optional": true
        },
        "yaml": {
          "optional": true
        }
      }
    },
    "node_modules/@cfworker/json-schema": {
      "version": "4.1.1",
      "resolved": "https://registry.npmjs.org/@cfworker/json-schema/-/json-schema-4.1.1.tgz",
      "integrity": "sha512-gAmrUZSGtKc3AiBL71iNWxDsyUC5uMaKKGdvzYsBoTW/xi42JQHl7eKV2OYzCUqvc+D2RCcf7EXY2iCyFIk6og==",
      "license": "MIT"
    },
    "node_modules/@langchain/core": {
      "version": "1.1.48",
      "resolved": "https://registry.npmjs.org/@langchain/core/-/core-1.1.48.tgz",
      "integrity": "sha512-fQU6Guyb1pwc2fEplmA8FPbKfOMAofjnyJzExevro0FxEiuGHE18Ov/ZHmT9trWCDTZRI9eW1VIc6aChxV8pAQ==",
      "license": "MIT",
      "dependencies": {
        "@cfworker/json-schema": "^4.0.2",
        "@standard-schema/spec": "^1.1.0",
        "js-tiktoken": "^1.0.12",
        "langsmith": ">=0.5.0 <1.0.0",
        "mustache": "^4.2.0",
        "p-queue": "^6.6.2",
        "zod": "^3.25.76 || ^4"
      },
      "engines": {
        "node": ">=20"
      }
    },
    "node_modules/@langchain/langgraph": {
      "version": "1.3.7",
      "resolved": "https://registry.npmjs.org/@langchain/langgraph/-/langgraph-1.3.7.tgz",
      "integrity": "sha512-6WNskiu3bpy3XFwiD9cm4n2QapnFVX7dqYeJzuEAUGp9R3vbxngRVyb5+Myp5Rz4GCFXGXuhcFSjLVRHPhsNtQ==",
      "license": "MIT",
      "dependencies": {
        "@langchain/langgraph-checkpoint": "^1.0.4",
        "@langchain/langgraph-sdk": "~1.9.19",
        "@langchain/protocol": "^0.0.16",
        "@standard-schema/spec": "1.1.0",
        "uuid": "^14.0.0"
      },
      "engines": {
        "node": ">=18"
      },
      "peerDependencies": {
        "@langchain/core": "^1.1.48",
        "zod": "^3.25.32 || ^4.2.0",
        "zod-to-json-schema": "^3.x"
      },
      "peerDependenciesMeta": {
        "zod-to-json-schema": {
          "optional": true
        }
      }
    },
    "node_modules/@langchain/langgraph-checkpoint": {
      "version": "1.0.4",
      "resolved": "https://registry.npmjs.org/@langchain/langgraph-checkpoint/-/langgraph-checkpoint-1.0.4.tgz",
      "integrity": "sha512-1y5MgZ0gXXrtmoy56e3kaBChI3GwFPIKl27xkrHwN+VE/3iUsyr9gO3Jtp7kdKAe6diZGbcas5bdC/r0yUwTZA==",
      "license": "MIT",
      "dependencies": {
        "uuid": "^14.0.0"
      },
      "engines": {
        "node": ">=18"
      },
      "peerDependencies": {
        "@langchain/core": "^1.1.44"
      }
    },
    "node_modules/@langchain/langgraph-sdk": {
      "version": "1.9.20",
      "resolved": "https://registry.npmjs.org/@langchain/langgraph-sdk/-/langgraph-sdk-1.9.20.tgz",
      "integrity": "sha512-waZQNUN6apVg3jvDApy16wUGwrCvJB8WXHbIPvVrrUZHObqx0w5tk7P/Ite5Qvu4abWrvNtrmqk2zmcqCx7jVw==",
      "license": "MIT",
      "dependencies": {
        "@langchain/protocol": "^0.0.16",
        "@types/json-schema": "^7.0.15",
        "p-queue": "^9.0.1",
        "p-retry": "^7.1.1",
        "uuid": "^14.0.0"
      },
      "peerDependencies": {
        "@langchain/core": "^1.1.48",
        "react": "^18 || ^19",
        "react-dom": "^18 || ^19",
        "svelte": "^4.0.0 || ^5.0.0",
        "vue": "^3.0.0"
      },
      "peerDependenciesMeta": {
        "react": {
          "optional": true
        },
        "react-dom": {
          "optional": true
        },
        "svelte": {
          "optional": true
        },
        "vue": {
          "optional": true
        }
      }
    },
    "node_modules/@langchain/langgraph-sdk/node_modules/eventemitter3": {
      "version": "5.0.4",
      "resolved": "https://registry.npmjs.org/eventemitter3/-/eventemitter3-5.0.4.tgz",
      "integrity": "sha512-mlsTRyGaPBjPedk6Bvw+aqbsXDtoAyAzm5MO7JgU+yVRyMQ5O8bD4Kcci7BS85f93veegeCPkL8R4GLClnjLFw==",
      "license": "MIT"
    },
    "node_modules/@langchain/langgraph-sdk/node_modules/p-queue": {
      "version": "9.3.0",
      "resolved": "https://registry.npmjs.org/p-queue/-/p-queue-9.3.0.tgz",
      "integrity": "sha512-7NED7xhQ74Ngp4JP/2e0VZHp7vSWfJfqeiR92jPgxsz6m0Se4P03YoTKa9dDXyZ3r6P616gUXttrB6nnHYKang==",
      "license": "MIT",
      "dependencies": {
        "eventemitter3": "^5.0.4",
        "p-timeout": "^7.0.0"
      },
      "engines": {
        "node": ">=20"
      },
      "funding": {
        "url": "https://github.com/sponsors/sindresorhus"
      }
    },
    "node_modules/@langchain/langgraph-sdk/node_modules/p-timeout": {
      "version": "7.0.1",
      "resolved": "https://registry.npmjs.org/p-timeout/-/p-timeout-7.0.1.tgz",
      "integrity": "sha512-AxTM2wDGORHGEkPCt8yqxOTMgpfbEHqF51f/5fJCmwFC3C/zNcGT63SymH2ttOAaiIws2zVg4+izQCjrakcwHg==",
      "license": "MIT",
      "engines": {
        "node": ">=20"
      },
      "funding": {
        "url": "https://github.com/sponsors/sindresorhus"
      }
    },
    "node_modules/@langchain/protocol": {
      "version": "0.0.16",
      "resolved": "https://registry.npmjs.org/@langchain/protocol/-/protocol-0.0.16.tgz",
      "integrity": "sha512-ws+J7MaHyhO5dG7f0vdyHQiUn9hoCnki0f3crJPa4MCTGzcRC39jYSCghyrGtBPYQnZbUQiGyRVpW3z3M8IpJg==",
      "license": "MIT"
    },
    "node_modules/@standard-schema/spec": {
      "version": "1.1.0",
      "resolved": "https://registry.npmjs.org/@standard-schema/spec/-/spec-1.1.0.tgz",
      "integrity": "sha512-l2aFy5jALhniG5HgqrD6jXLi/rUWrKvqN/qJx6yoJsgKhblVd+iqqU4RCXavm/jPityDo5TCvKMnpjKnOriy0w==",
      "license": "MIT"
    },
    "node_modules/@types/express": {
      "resolved": "../../node_modules/.pnpm/@types+express@5.0.6/node_modules/@types/express",
      "link": true
    },
    "node_modules/@types/json-schema": {
      "version": "7.0.15",
      "resolved": "https://registry.npmjs.org/@types/json-schema/-/json-schema-7.0.15.tgz",
      "integrity": "sha512-5+fP8P8MFNC+AyZCDxrB2pkZFPGzqQWUzpSeuuVLvm8VMcorNYavBqoFcxK8bQz4Qsbn4oUEEem4wDLfcysGHA==",
      "license": "MIT"
    },
    "node_modules/@types/node": {
      "resolved": "../../node_modules/.pnpm/@types+node@22.19.19/node_modules/@types/node",
      "link": true
    },
    "node_modules/@types/react": {
      "resolved": "../../node_modules/.pnpm/@types+react@19.2.15/node_modules/@types/react",
      "link": true
    },
    "node_modules/@types/react-dom": {
      "resolved": "../../node_modules/.pnpm/@types+react-dom@19.2.3_@types+react@19.2.15/node_modules/@types/react-dom",
      "link": true
    },
    "node_modules/@vitejs/plugin-react": {
      "resolved": "../../node_modules/.pnpm/@vitejs+plugin-react@4.7.0_vite@6.4.2_@types+node@22.19.19_tsx@4.22.3_/node_modules/@vitejs/plugin-react",
      "link": true
    },
    "node_modules/ai-chat-toolkit-server": {
      "version": "1.1.0",
      "resolved": "https://registry.npmjs.org/ai-chat-toolkit-server/-/ai-chat-toolkit-server-1.1.0.tgz",
      "integrity": "sha512-FrXfGyXGCLje/uivJ9jEskJddDfVd8qmmcqC/m2NvBG7pYB7zmxZXrmCzJnuzkxkW8F+AWdczW6kXgqe+GekFw==",
      "license": "MIT",
      "dependencies": {
        "@langchain/core": "^1.1.48",
        "langchain": "^1.4.4",
        "zod": "^4.4.3"
      },
      "engines": {
        "node": ">=18"
      },
      "peerDependencies": {
        "express": "^4.18.0 || ^5.0.0"
      }
    },
    "node_modules/ai-chat-toolkit-widget": {
      "version": "1.0.0",
      "resolved": "https://registry.npmjs.org/ai-chat-toolkit-widget/-/ai-chat-toolkit-widget-1.0.0.tgz",
      "integrity": "sha512-oKYJ1SwhE10qddf1h+rMJjdw9aYck+OxjERcUyK0q7sXNn0InHfzOAwkdXBtYyZYntqod138ny+qaGi/ciUfXQ==",
      "license": "MIT"
    },
    "node_modules/base64-js": {
      "version": "1.5.1",
      "resolved": "https://registry.npmjs.org/base64-js/-/base64-js-1.5.1.tgz",
      "integrity": "sha512-AKpaYlHn8t4SVbOHCy+b5+KKgvR4vrsD8vbvrbiQJps7fKDTkjkDry6ji0rUJjC0kzbNePLwzxq8iypo41qeWA==",
      "funding": [
        {
          "type": "github",
          "url": "https://github.com/sponsors/feross"
        },
        {
          "type": "patreon",
          "url": "https://www.patreon.com/feross"
        },
        {
          "type": "consulting",
          "url": "https://feross.org/support"
        }
      ],
      "license": "MIT"
    },
    "node_modules/concurrently": {
      "resolved": "../../node_modules/.pnpm/concurrently@9.2.1/node_modules/concurrently",
      "link": true
    },
    "node_modules/cors": {
      "resolved": "../../node_modules/.pnpm/cors@2.8.6/node_modules/cors",
      "link": true
    },
    "node_modules/dotenv": {
      "resolved": "../../node_modules/.pnpm/dotenv@16.6.1/node_modules/dotenv",
      "link": true
    },
    "node_modules/eventemitter3": {
      "version": "4.0.7",
      "resolved": "https://registry.npmjs.org/eventemitter3/-/eventemitter3-4.0.7.tgz",
      "integrity": "sha512-8guHBZCwKnFhYdHr2ysuRWErTwhoN2X8XELRlrRwpmfeY2jjuUN4taQMsULKUVo1K4DvZl+0pgfyoysHxvmvEw==",
      "license": "MIT"
    },
    "node_modules/express": {
      "resolved": "../../node_modules/.pnpm/express@5.2.1/node_modules/express",
      "link": true
    },
    "node_modules/is-network-error": {
      "version": "1.3.2",
      "resolved": "https://registry.npmjs.org/is-network-error/-/is-network-error-1.3.2.tgz",
      "integrity": "sha512-PhBY86zaxNZUuWP6h13Vu5oFe0XY6/UlKzQnYFELzGVHygP3MxmvTfYSG7GN3aIab/iWudSMgjSnG9Dq+nHrgA==",
      "license": "MIT",
      "engines": {
        "node": ">=16"
      },
      "funding": {
        "url": "https://github.com/sponsors/sindresorhus"
      }
    },
    "node_modules/js-tiktoken": {
      "version": "1.0.21",
      "resolved": "https://registry.npmjs.org/js-tiktoken/-/js-tiktoken-1.0.21.tgz",
      "integrity": "sha512-biOj/6M5qdgx5TKjDnFT1ymSpM5tbd3ylwDtrQvFQSu0Z7bBYko2dF+W/aUkXUPuk6IVpRxk/3Q2sHOzGlS36g==",
      "license": "MIT",
      "dependencies": {
        "base64-js": "^1.5.1"
      }
    },
    "node_modules/langchain": {
      "version": "1.4.4",
      "resolved": "https://registry.npmjs.org/langchain/-/langchain-1.4.4.tgz",
      "integrity": "sha512-tepOCwUDaIZOYJ9Eo0O6o5dXEN/0KJheiFDnHHFL8Tx8rfkDLL4cOTSTln4Vpn9LpWzXYkjQ8lkHnnNDQWZPeg==",
      "license": "MIT",
      "dependencies": {
        "@langchain/langgraph": "^1.3.2",
        "@langchain/langgraph-checkpoint": "^1.0.1",
        "langsmith": ">=0.5.0 <1.0.0",
        "zod": "^3.25.76 || ^4"
      },
      "engines": {
        "node": ">=20"
      },
      "peerDependencies": {
        "@langchain/core": "^1.1.48"
      }
    },
    "node_modules/langsmith": {
      "version": "0.7.5",
      "resolved": "https://registry.npmjs.org/langsmith/-/langsmith-0.7.5.tgz",
      "integrity": "sha512-OeD6+yKtWwy6sAboq25kD5DICzYv7j2KgtV2n4LsJ8nU2LpEdt1UwbjA6BON/zTggmS/YjV2TtLTHd7VEJhtEA==",
      "license": "MIT",
      "dependencies": {
        "p-queue": "6.6.2"
      },
      "peerDependencies": {
        "@opentelemetry/api": "*",
        "@opentelemetry/exporter-trace-otlp-proto": "*",
        "@opentelemetry/sdk-trace-base": "*",
        "openai": "*",
        "ws": ">=7"
      },
      "peerDependenciesMeta": {
        "@opentelemetry/api": {
          "optional": true
        },
        "@opentelemetry/exporter-trace-otlp-proto": {
          "optional": true
        },
        "@opentelemetry/sdk-trace-base": {
          "optional": true
        },
        "openai": {
          "optional": true
        },
        "ws": {
          "optional": true
        }
      }
    },
    "node_modules/mustache": {
      "version": "4.2.0",
      "resolved": "https://registry.npmjs.org/mustache/-/mustache-4.2.0.tgz",
      "integrity": "sha512-71ippSywq5Yb7/tVYyGbkBggbU8H3u5Rz56fH60jGFgr8uHwxs+aSKeqmluIVzM0m0kB7xQjKS6qPfd0b2ZoqQ==",
      "license": "MIT",
      "bin": {
        "mustache": "bin/mustache"
      }
    },
    "node_modules/p-finally": {
      "version": "1.0.0",
      "resolved": "https://registry.npmjs.org/p-finally/-/p-finally-1.0.0.tgz",
      "integrity": "sha512-LICb2p9CB7FS+0eR1oqWnHhp0FljGLZCWBE9aix0Uye9W8LTQPwMTYVGWQWIw9RdQiDg4+epXQODwIYJtSJaow==",
      "license": "MIT",
      "engines": {
        "node": ">=4"
      }
    },
    "node_modules/p-queue": {
      "version": "6.6.2",
      "resolved": "https://registry.npmjs.org/p-queue/-/p-queue-6.6.2.tgz",
      "integrity": "sha512-RwFpb72c/BhQLEXIZ5K2e+AhgNVmIejGlTgiB9MzZ0e93GRvqZ7uSi0dvRF7/XIXDeNkra2fNHBxTyPDGySpjQ==",
      "license": "MIT",
      "dependencies": {
        "eventemitter3": "^4.0.4",
        "p-timeout": "^3.2.0"
      },
      "engines": {
        "node": ">=8"
      },
      "funding": {
        "url": "https://github.com/sponsors/sindresorhus"
      }
    },
    "node_modules/p-retry": {
      "version": "7.1.1",
      "resolved": "https://registry.npmjs.org/p-retry/-/p-retry-7.1.1.tgz",
      "integrity": "sha512-J5ApzjyRkkf601HpEeykoiCvzHQjWxPAHhyjFcEUP2SWq0+35NKh8TLhpLw+Dkq5TZBFvUM6UigdE9hIVYTl5w==",
      "license": "MIT",
      "dependencies": {
        "is-network-error": "^1.1.0"
      },
      "engines": {
        "node": ">=20"
      },
      "funding": {
        "url": "https://github.com/sponsors/sindresorhus"
      }
    },
    "node_modules/p-timeout": {
      "version": "3.2.0",
      "resolved": "https://registry.npmjs.org/p-timeout/-/p-timeout-3.2.0.tgz",
      "integrity": "sha512-rhIwUycgwwKcP9yTOOFK/AKsAopjjCakVqLHePO3CC6Mir1Z99xT+R63jZxAT5lFZLa2inS5h+ZS2GvR99/FBg==",
      "license": "MIT",
      "dependencies": {
        "p-finally": "^1.0.0"
      },
      "engines": {
        "node": ">=8"
      }
    },
    "node_modules/react": {
      "resolved": "../../node_modules/.pnpm/react@19.2.6/node_modules/react",
      "link": true
    },
    "node_modules/react-dom": {
      "resolved": "../../node_modules/.pnpm/react-dom@19.2.6_react@19.2.6/node_modules/react-dom",
      "link": true
    },
    "node_modules/tsx": {
      "resolved": "../../node_modules/.pnpm/tsx@4.22.3/node_modules/tsx",
      "link": true
    },
    "node_modules/typescript": {
      "resolved": "../../node_modules/.pnpm/typescript@5.9.3/node_modules/typescript",
      "link": true
    },
    "node_modules/uuid": {
      "version": "14.0.0",
      "resolved": "https://registry.npmjs.org/uuid/-/uuid-14.0.0.tgz",
      "integrity": "sha512-Qo+uWgilfSmAhXCMav1uYFynlQO7fMFiMVZsQqZRMIXp0O7rR7qjkj+cPvBHLgBqi960QCoo/PH2/6ZtVqKvrg==",
      "funding": [
        "https://github.com/sponsors/broofa",
        "https://github.com/sponsors/ctavan"
      ],
      "license": "MIT",
      "bin": {
        "uuid": "dist-node/bin/uuid"
      }
    },
    "node_modules/vite": {
      "resolved": "../../node_modules/.pnpm/vite@6.4.2_@types+node@22.19.19_tsx@4.22.3/node_modules/vite",
      "link": true
    },
    "node_modules/zod": {
      "version": "4.4.3",
      "resolved": "https://registry.npmjs.org/zod/-/zod-4.4.3.tgz",
      "integrity": "sha512-ytENFjIJFl2UwYglde2jchW2Hwm4GJFLDiSXWdTrJQBIN9Fcyp7n4DhxJEiWNAJMV1/BqWfW/kkg71UDcHJyTQ==",
      "license": "MIT",
      "funding": {
        "url": "https://github.com/sponsors/colinhacks"
      }
    }
  }
}
